// !$*UTF8*$!
{
	archiveVersion = 1;
	classes = {
	};
	objectVersion = 55;
	objects = {

/* Begin PBXBuildFile section */
		921BC13827A5985A00B9E372 /* StringHelper.swift in Sources */ = {isa = PBXBuildFile; fileRef = 921BC13727A5985A00B9E372 /* StringHelper.swift */; };
		9229624F27A031F30036071A /* DetailImageViewController.swift in Sources */ = {isa = PBXBuildFile; fileRef = 9229624E27A031F30036071A /* DetailImageViewController.swift */; };
		926489D527B829DF000EEB13 /* Purchases in Frameworks */ = {isa = PBXBuildFile; productRef = 926489D427B829DF000EEB13 /* Purchases */; };
		9276B04727A196F80091F52B /* AlertHelper .swift in Sources */ = {isa = PBXBuildFile; fileRef = 9276B04627A196F80091F52B /* AlertHelper .swift */; };
		92A7873827847EC600E24FD2 /* WallpaperImage .swift in Sources */ = {isa = PBXBuildFile; fileRef = 92A7873727847EC600E24FD2 /* WallpaperImage .swift */; };
		92A7873B27847FE900E24FD2 /* CodableConverter.swift in Sources */ = {isa = PBXBuildFile; fileRef = 92A7873A27847FE900E24FD2 /* CodableConverter.swift */; };
		92AA47EC2775F1C900E0914F /* AppDelegate.swift in Sources */ = {isa = PBXBuildFile; fileRef = 92AA47EB2775F1C900E0914F /* AppDelegate.swift */; };
		92AA47EE2775F1C900E0914F /* SceneDelegate.swift in Sources */ = {isa = PBXBuildFile; fileRef = 92AA47ED2775F1C900E0914F /* SceneDelegate.swift */; };
		92AA47F32775F1C900E0914F /* Main.storyboard in Resources */ = {isa = PBXBuildFile; fileRef = 92AA47F12775F1C900E0914F /* Main.storyboard */; };
		92AA47F62775F1C900E0914F /* Wallpaper.xcdatamodeld in Sources */ = {isa = PBXBuildFile; fileRef = 92AA47F42775F1C900E0914F /* Wallpaper.xcdatamodeld */; };
		92AA47F82775F1CB00E0914F /* Assets.xcassets in Resources */ = {isa = PBXBuildFile; fileRef = 92AA47F72775F1CB00E0914F /* Assets.xcassets */; };
		92AA47FB2775F1CB00E0914F /* LaunchScreen.storyboard in Resources */ = {isa = PBXBuildFile; fileRef = 92AA47F92775F1CB00E0914F /* LaunchScreen.storyboard */; };
		92AA48052775FE7F00E0914F /* MainScreenViewController.swift in Sources */ = {isa = PBXBuildFile; fileRef = 92AA48042775FE7F00E0914F /* MainScreenViewController.swift */; };
		92AA48082775FF5200E0914F /* ContainerViewController.swift in Sources */ = {isa = PBXBuildFile; fileRef = 92AA48072775FF5200E0914F /* ContainerViewController.swift */; };
		92AA480A2775FF5A00E0914F /* MenuViewController.swift in Sources */ = {isa = PBXBuildFile; fileRef = 92AA48092775FF5A00E0914F /* MenuViewController.swift */; };
		92CDE04627AAB16F00C52199 /* SDWebImage in Frameworks */ = {isa = PBXBuildFile; productRef = 92CDE04527AAB16F00C52199 /* SDWebImage */; };
		92CDE04827AAB16F00C52199 /* SDWebImageMapKit in Frameworks */ = {isa = PBXBuildFile; productRef = 92CDE04727AAB16F00C52199 /* SDWebImageMapKit */; };
		92CDE04A27AAB67F00C52199 /* UserDevice.swift in Sources */ = {isa = PBXBuildFile; fileRef = 92CDE04927AAB67F00C52199 /* UserDevice.swift */; };
		92D4BF0527A80BEA00AFA055 /* MainCollectionViewCell.swift in Sources */ = {isa = PBXBuildFile; fileRef = 92D4BF0427A80BEA00AFA055 /* MainCollectionViewCell.swift */; };
		92DC158B2781B8CC00D8D24F /* SearchingViewController.swift in Sources */ = {isa = PBXBuildFile; fileRef = 92DC158A2781B8CC00D8D24F /* SearchingViewController.swift */; };
		92E3B237277F09B900A8D11F /* NetworkService.swift in Sources */ = {isa = PBXBuildFile; fileRef = 92E3B236277F09B900A8D11F /* NetworkService.swift */; };
		92E3B23A277F1E1400A8D11F /* Codable.swift in Sources */ = {isa = PBXBuildFile; fileRef = 92E3B239277F1E1300A8D11F /* Codable.swift */; };
		92E3B23D277F23C200A8D11F /* Alamofire in Frameworks */ = {isa = PBXBuildFile; productRef = 92E3B23C277F23C200A8D11F /* Alamofire */; };
		92E5A6E027C2C943001EAE67 /* StoreKitTestCertificate.cer in Resources */ = {isa = PBXBuildFile; fileRef = 92E5A6DF27C2C943001EAE67 /* StoreKitTestCertificate.cer */; };
		92E5A6E327C2CB1B001EAE67 /* PurchaseViewController.swift in Sources */ = {isa = PBXBuildFile; fileRef = 92E5A6E227C2CB1B001EAE67 /* PurchaseViewController.swift */; };
		92F074DF279F05DC00FBA47C /* SearchingCollectionViewCell.swift in Sources */ = {isa = PBXBuildFile; fileRef = 92F074DE279F05DC00FBA47C /* SearchingCollectionViewCell.swift */; };
/* End PBXBuildFile section */

/* Begin PBXFileReference section */
		920C6BA827C3753E00D2A612 /* StoreKitTestCertificate.cer */ = {isa = PBXFileReference; lastKnownFileType = file; path = StoreKitTestCertificate.cer; sourceTree = "<group>"; };
		921BC13727A5985A00B9E372 /* StringHelper.swift */ = {isa = PBXFileReference; lastKnownFileType = sourcecode.swift; path = StringHelper.swift; sourceTree = "<group>"; };
		9229624E27A031F30036071A /* DetailImageViewController.swift */ = {isa = PBXFileReference; lastKnownFileType = sourcecode.swift; path = DetailImageViewController.swift; sourceTree = "<group>"; };
		9276B04627A196F80091F52B /* AlertHelper .swift */ = {isa = PBXFileReference; lastKnownFileType = sourcecode.swift; path = "AlertHelper .swift"; sourceTree = "<group>"; };
		92A7873727847EC600E24FD2 /* WallpaperImage .swift */ = {isa = PBXFileReference; lastKnownFileType = sourcecode.swift; path = "WallpaperImage .swift"; sourceTree = "<group>"; };
		92A7873A27847FE900E24FD2 /* CodableConverter.swift */ = {isa = PBXFileReference; lastKnownFileType = sourcecode.swift; path = CodableConverter.swift; sourceTree = "<group>"; };
		92AA47E82775F1C900E0914F /* Wallpaper.app */ = {isa = PBXFileReference; explicitFileType = wrapper.application; includeInIndex = 0; path = Wallpaper.app; sourceTree = BUILT_PRODUCTS_DIR; };
		92AA47EB2775F1C900E0914F /* AppDelegate.swift */ = {isa = PBXFileReference; lastKnownFileType = sourcecode.swift; path = AppDelegate.swift; sourceTree = "<group>"; };
		92AA47ED2775F1C900E0914F /* SceneDelegate.swift */ = {isa = PBXFileReference; lastKnownFileType = sourcecode.swift; path = SceneDelegate.swift; sourceTree = "<group>"; };
		92AA47F22775F1C900E0914F /* Base */ = {isa = PBXFileReference; lastKnownFileType = file.storyboard; name = Base; path = Base.lproj/Main.storyboard; sourceTree = "<group>"; };
		92AA47F52775F1C900E0914F /* Wallpaper.xcdatamodel */ = {isa = PBXFileReference; lastKnownFileType = wrapper.xcdatamodel; path = Wallpaper.xcdatamodel; sourceTree = "<group>"; };
		92AA47F72775F1CB00E0914F /* Assets.xcassets */ = {isa = PBXFileReference; lastKnownFileType = folder.assetcatalog; path = Assets.xcassets; sourceTree = "<group>"; };
		92AA47FA2775F1CB00E0914F /* Base */ = {isa = PBXFileReference; lastKnownFileType = file.storyboard; name = Base; path = Base.lproj/LaunchScreen.storyboard; sourceTree = "<group>"; };
		92AA47FC2775F1CB00E0914F /* Info.plist */ = {isa = PBXFileReference; lastKnownFileType = text.plist.xml; path = Info.plist; sourceTree = "<group>"; };
		92AA48042775FE7F00E0914F /* MainScreenViewController.swift */ = {isa = PBXFileReference; lastKnownFileType = sourcecode.swift; path = MainScreenViewController.swift; sourceTree = "<group>"; };
		92AA48072775FF5200E0914F /* ContainerViewController.swift */ = {isa = PBXFileReference; lastKnownFileType = sourcecode.swift; path = ContainerViewController.swift; sourceTree = "<group>"; };
		92AA48092775FF5A00E0914F /* MenuViewController.swift */ = {isa = PBXFileReference; lastKnownFileType = sourcecode.swift; path = MenuViewController.swift; sourceTree = "<group>"; };
		92CDE04927AAB67F00C52199 /* UserDevice.swift */ = {isa = PBXFileReference; lastKnownFileType = sourcecode.swift; path = UserDevice.swift; sourceTree = "<group>"; };
		92D4BF0427A80BEA00AFA055 /* MainCollectionViewCell.swift */ = {isa = PBXFileReference; lastKnownFileType = sourcecode.swift; path = MainCollectionViewCell.swift; sourceTree = "<group>"; };
		92DC158A2781B8CC00D8D24F /* SearchingViewController.swift */ = {isa = PBXFileReference; lastKnownFileType = sourcecode.swift; path = SearchingViewController.swift; sourceTree = "<group>"; };
		92E3B236277F09B900A8D11F /* NetworkService.swift */ = {isa = PBXFileReference; lastKnownFileType = sourcecode.swift; path = NetworkService.swift; sourceTree = "<group>"; };
		92E3B239277F1E1300A8D11F /* Codable.swift */ = {isa = PBXFileReference; lastKnownFileType = sourcecode.swift; path = Codable.swift; sourceTree = "<group>"; };
		92E5A6DE27C2C756001EAE67 /* Configuration.storekit */ = {isa = PBXFileReference; lastKnownFileType = text; path = Configuration.storekit; sourceTree = "<group>"; };
		92E5A6DF27C2C943001EAE67 /* StoreKitTestCertificate.cer */ = {isa = PBXFileReference; lastKnownFileType = file; name = StoreKitTestCertificate.cer; path = ../../../StoreKitTestCertificate.cer; sourceTree = "<group>"; };
		92E5A6E227C2CB1B001EAE67 /* PurchaseViewController.swift */ = {isa = PBXFileReference; lastKnownFileType = sourcecode.swift; path = PurchaseViewController.swift; sourceTree = "<group>"; };
		92F074DE279F05DC00FBA47C /* SearchingCollectionViewCell.swift */ = {isa = PBXFileReference; lastKnownFileType = sourcecode.swift; path = SearchingCollectionViewCell.swift; sourceTree = "<group>"; };
/* End PBXFileReference section */

/* Begin PBXFrameworksBuildPhase section */
		92AA47E52775F1C900E0914F /* Frameworks */ = {
			isa = PBXFrameworksBuildPhase;
			buildActionMask = 2147483647;
			files = (
				92CDE04627AAB16F00C52199 /* SDWebImage in Frameworks */,
				92CDE04827AAB16F00C52199 /* SDWebImageMapKit in Frameworks */,
				92E3B23D277F23C200A8D11F /* Alamofire in Frameworks */,
				926489D527B829DF000EEB13 /* Purchases in Frameworks */,
			);
			runOnlyForDeploymentPostprocessing = 0;
		};
/* End PBXFrameworksBuildPhase section */

/* Begin PBXGroup section */
		920C6BA727C3751E00D2A612 /* Resource  */ = {
			isa = PBXGroup;
			children = (
				92AA47F72775F1CB00E0914F /* Assets.xcassets */,
				92AA47F92775F1CB00E0914F /* LaunchScreen.storyboard */,
			);
			path = "Resource ";
			sourceTree = "<group>";
		};
		9229624D27A031CB0036071A /* Detail Presentation  */ = {
			isa = PBXGroup;
			children = (
				9229624E27A031F30036071A /* DetailImageViewController.swift */,
			);
			path = "Detail Presentation ";
			sourceTree = "<group>";
		};
		92A7873927847FC200E24FD2 /* Helpers */ = {
			isa = PBXGroup;
			children = (
				92A7873A27847FE900E24FD2 /* CodableConverter.swift */,
				9276B04627A196F80091F52B /* AlertHelper .swift */,
				921BC13727A5985A00B9E372 /* StringHelper.swift */,
			);
			path = Helpers;
			sourceTree = "<group>";
		};
		92AA47DF2775F1C900E0914F = {
			isa = PBXGroup;
			children = (
				92AA47EA2775F1C900E0914F /* Wallpaper */,
				92AA47E92775F1C900E0914F /* Products */,
			);
			sourceTree = "<group>";
		};
		92AA47E92775F1C900E0914F /* Products */ = {
			isa = PBXGroup;
			children = (
				92AA47E82775F1C900E0914F /* Wallpaper.app */,
			);
			name = Products;
			sourceTree = "<group>";
		};
		92AA47EA2775F1C900E0914F /* Wallpaper */ = {
			isa = PBXGroup;
			children = (
				92AA47EB2775F1C900E0914F /* AppDelegate.swift */,
				92AA47ED2775F1C900E0914F /* SceneDelegate.swift */,
				92AA47FC2775F1CB00E0914F /* Info.plist */,
				920C6BA727C3751E00D2A612 /* Resource  */,
				92A7873927847FC200E24FD2 /* Helpers */,
				92E3B238277F1E0300A8D11F /* Models */,
				92E3B234277F099C00A8D11F /* Services */,
				92AA48022775FE4900E0914F /* Presentation  */,
				92AA47F12775F1C900E0914F /* Main.storyboard */,
				92AA47F42775F1C900E0914F /* Wallpaper.xcdatamodeld */,
				920C6BA827C3753E00D2A612 /* StoreKitTestCertificate.cer */,
				92E5A6DE27C2C756001EAE67 /* Configuration.storekit */,
				92E5A6DF27C2C943001EAE67 /* StoreKitTestCertificate.cer */,
			);
			path = Wallpaper;
			sourceTree = "<group>";
		};
		92AA48022775FE4900E0914F /* Presentation  */ = {
			isa = PBXGroup;
			children = (
				92E5A6E127C2CAF8001EAE67 /* Purchase Presentation  */,
				9229624D27A031CB0036071A /* Detail Presentation  */,
				92DC15892781B8A800D8D24F /* Searching Presentation  */,
				92AA48062775FF3F00E0914F /* Menu Presentation  */,
				92AA48032775FE5500E0914F /* Main Screen Presentation  */,
			);
			path = "Presentation ";
			sourceTree = "<group>";
		};
		92AA48032775FE5500E0914F /* Main Screen Presentation  */ = {
			isa = PBXGroup;
			children = (
				92AA48042775FE7F00E0914F /* MainScreenViewController.swift */,
				92D4BF0427A80BEA00AFA055 /* MainCollectionViewCell.swift */,
			);
			path = "Main Screen Presentation ";
			sourceTree = "<group>";
		};
		92AA48062775FF3F00E0914F /* Menu Presentation  */ = {
			isa = PBXGroup;
			children = (
				92AA48072775FF5200E0914F /* ContainerViewController.swift */,
				92AA48092775FF5A00E0914F /* MenuViewController.swift */,
			);
			path = "Menu Presentation ";
			sourceTree = "<group>";
		};
		92DC15892781B8A800D8D24F /* Searching Presentation  */ = {
			isa = PBXGroup;
			children = (
				92DC158A2781B8CC00D8D24F /* SearchingViewController.swift */,
				92F074DE279F05DC00FBA47C /* SearchingCollectionViewCell.swift */,
			);
			path = "Searching Presentation ";
			sourceTree = "<group>";
		};
		92E3B234277F099C00A8D11F /* Services */ = {
			isa = PBXGroup;
			children = (
				92E3B235277F09A100A8D11F /* Network Service */,
			);
			path = Services;
			sourceTree = "<group>";
		};
		92E3B235277F09A100A8D11F /* Network Service */ = {
			isa = PBXGroup;
			children = (
				92E3B236277F09B900A8D11F /* NetworkService.swift */,
			);
			path = "Network Service";
			sourceTree = "<group>";
		};
		92E3B238277F1E0300A8D11F /* Models */ = {
			isa = PBXGroup;
			children = (
				92E3B239277F1E1300A8D11F /* Codable.swift */,
				92A7873727847EC600E24FD2 /* WallpaperImage .swift */,
				92CDE04927AAB67F00C52199 /* UserDevice.swift */,
			);
			path = Models;
			sourceTree = "<group>";
		};
		92E5A6E127C2CAF8001EAE67 /* Purchase Presentation  */ = {
			isa = PBXGroup;
			children = (
				92E5A6E227C2CB1B001EAE67 /* PurchaseViewController.swift */,
			);
			path = "Purchase Presentation ";
			sourceTree = "<group>";
		};
/* End PBXGroup section */

/* Begin PBXNativeTarget section */
		92AA47E72775F1C900E0914F /* Wallpaper */ = {
			isa = PBXNativeTarget;
			buildConfigurationList = 92AA47FF2775F1CB00E0914F /* Build configuration list for PBXNativeTarget "Wallpaper" */;
			buildPhases = (
				92AA47E42775F1C900E0914F /* Sources */,
				92AA47E52775F1C900E0914F /* Frameworks */,
				92AA47E62775F1C900E0914F /* Resources */,
			);
			buildRules = (
			);
			dependencies = (
			);
			name = Wallpaper;
			packageProductDependencies = (
				92E3B23C277F23C200A8D11F /* Alamofire */,
				92CDE04527AAB16F00C52199 /* SDWebImage */,
				92CDE04727AAB16F00C52199 /* SDWebImageMapKit */,
				926489D427B829DF000EEB13 /* Purchases */,
			);
			productName = Wallpaper;
			productReference = 92AA47E82775F1C900E0914F /* Wallpaper.app */;
			productType = "com.apple.product-type.application";
		};
/* End PBXNativeTarget section */

/* Begin PBXProject section */
		92AA47E02775F1C900E0914F /* Project object */ = {
			isa = PBXProject;
			attributes = {
				BuildIndependentTargetsInParallel = 1;
				LastSwiftUpdateCheck = 1310;
				LastUpgradeCheck = 1310;
				TargetAttributes = {
					92AA47E72775F1C900E0914F = {
						CreatedOnToolsVersion = 13.1;
					};
				};
			};
			buildConfigurationList = 92AA47E32775F1C900E0914F /* Build configuration list for PBXProject "Wallpaper" */;
			compatibilityVersion = "Xcode 13.0";
			developmentRegion = en;
			hasScannedForEncodings = 0;
			knownRegions = (
				en,
				Base,
			);
			mainGroup = 92AA47DF2775F1C900E0914F;
			packageReferences = (
				92E3B23B277F23C200A8D11F /* XCRemoteSwiftPackageReference "Alamofire" */,
				92CDE04427AAB16F00C52199 /* XCRemoteSwiftPackageReference "SDWebImage" */,
				926489D327B829DF000EEB13 /* XCRemoteSwiftPackageReference "purchases-ios" */,
			);
			productRefGroup = 92AA47E92775F1C900E0914F /* Products */;
			projectDirPath = "";
			projectRoot = "";
			targets = (
				92AA47E72775F1C900E0914F /* Wallpaper */,
			);
		};
/* End PBXProject section */

/* Begin PBXResourcesBuildPhase section */
		92AA47E62775F1C900E0914F /* Resources */ = {
			isa = PBXResourcesBuildPhase;
			buildActionMask = 2147483647;
			files = (
				92AA47FB2775F1CB00E0914F /* LaunchScreen.storyboard in Resources */,
				92AA47F82775F1CB00E0914F /* Assets.xcassets in Resources */,
				92AA47F32775F1C900E0914F /* Main.storyboard in Resources */,
				92E5A6E027C2C943001EAE67 /* StoreKitTestCertificate.cer in Resources */,
			);
			runOnlyForDeploymentPostprocessing = 0;
		};
/* End PBXResourcesBuildPhase section */

/* Begin PBXSourcesBuildPhase section */
		92AA47E42775F1C900E0914F /* Sources */ = {
			isa = PBXSourcesBuildPhase;
			buildActionMask = 2147483647;
			files = (
				92AA48052775FE7F00E0914F /* MainScreenViewController.swift in Sources */,
				92F074DF279F05DC00FBA47C /* SearchingCollectionViewCell.swift in Sources */,
				92A7873827847EC600E24FD2 /* WallpaperImage .swift in Sources */,
				92D4BF0527A80BEA00AFA055 /* MainCollectionViewCell.swift in Sources */,
				921BC13827A5985A00B9E372 /* StringHelper.swift in Sources */,
				92AA480A2775FF5A00E0914F /* MenuViewController.swift in Sources */,
				92E3B23A277F1E1400A8D11F /* Codable.swift in Sources */,
				92DC158B2781B8CC00D8D24F /* SearchingViewController.swift in Sources */,
				92AA47EC2775F1C900E0914F /* AppDelegate.swift in Sources */,
				92CDE04A27AAB67F00C52199 /* UserDevice.swift in Sources */,
				92A7873B27847FE900E24FD2 /* CodableConverter.swift in Sources */,
				92E5A6E327C2CB1B001EAE67 /* PurchaseViewController.swift in Sources */,
				9229624F27A031F30036071A /* DetailImageViewController.swift in Sources */,
				92AA48082775FF5200E0914F /* ContainerViewController.swift in Sources */,
				92AA47F62775F1C900E0914F /* Wallpaper.xcdatamodeld in Sources */,
				92AA47EE2775F1C900E0914F /* SceneDelegate.swift in Sources */,
				92E3B237277F09B900A8D11F /* NetworkService.swift in Sources */,
				9276B04727A196F80091F52B /* AlertHelper .swift in Sources */,
			);
			runOnlyForDeploymentPostprocessing = 0;
		};
/* End PBXSourcesBuildPhase section */

/* Begin PBXVariantGroup section */
		92AA47F12775F1C900E0914F /* Main.storyboard */ = {
			isa = PBXVariantGroup;
			children = (
				92AA47F22775F1C900E0914F /* Base */,
			);
			name = Main.storyboard;
			sourceTree = "<group>";
		};
		92AA47F92775F1CB00E0914F /* LaunchScreen.storyboard */ = {
			isa = PBXVariantGroup;
			children = (
				92AA47FA2775F1CB00E0914F /* Base */,
			);
			name = LaunchScreen.storyboard;
			sourceTree = "<group>";
		};
/* End PBXVariantGroup section */

/* Begin XCBuildConfiguration section */
		92AA47FD2775F1CB00E0914F /* Debug */ = {
			isa = XCBuildConfiguration;
			buildSettings = {
				ALWAYS_SEARCH_USER_PATHS = NO;
				CLANG_ANALYZER_NONNULL = YES;
				CLANG_ANALYZER_NUMBER_OBJECT_CONVERSION = YES_AGGRESSIVE;
				CLANG_CXX_LANGUAGE_STANDARD = "gnu++17";
				CLANG_CXX_LIBRARY = "libc++";
				CLANG_ENABLE_MODULES = YES;
				CLANG_ENABLE_OBJC_ARC = YES;
				CLANG_ENABLE_OBJC_WEAK = YES;
				CLANG_WARN_BLOCK_CAPTURE_AUTORELEASING = YES;
				CLANG_WARN_BOOL_CONVERSION = YES;
				CLANG_WARN_COMMA = YES;
				CLANG_WARN_CONSTANT_CONVERSION = YES;
				CLANG_WARN_DEPRECATED_OBJC_IMPLEMENTATIONS = YES;
				CLANG_WARN_DIRECT_OBJC_ISA_USAGE = YES_ERROR;
				CLANG_WARN_DOCUMENTATION_COMMENTS = YES;
				CLANG_WARN_EMPTY_BODY = YES;
				CLANG_WARN_ENUM_CONVERSION = YES;
				CLANG_WARN_INFINITE_RECURSION = YES;
				CLANG_WARN_INT_CONVERSION = YES;
				CLANG_WARN_NON_LITERAL_NULL_CONVERSION = YES;
				CLANG_WARN_OBJC_IMPLICIT_RETAIN_SELF = YES;
				CLANG_WARN_OBJC_LITERAL_CONVERSION = YES;
				CLANG_WARN_OBJC_ROOT_CLASS = YES_ERROR;
				CLANG_WARN_QUOTED_INCLUDE_IN_FRAMEWORK_HEADER = YES;
				CLANG_WARN_RANGE_LOOP_ANALYSIS = YES;
				CLANG_WARN_STRICT_PROTOTYPES = YES;
				CLANG_WARN_SUSPICIOUS_MOVE = YES;
				CLANG_WARN_UNGUARDED_AVAILABILITY = YES_AGGRESSIVE;
				CLANG_WARN_UNREACHABLE_CODE = YES;
				CLANG_WARN__DUPLICATE_METHOD_MATCH = YES;
				COPY_PHASE_STRIP = NO;
				DEBUG_INFORMATION_FORMAT = dwarf;
				ENABLE_STRICT_OBJC_MSGSEND = YES;
				ENABLE_TESTABILITY = YES;
				GCC_C_LANGUAGE_STANDARD = gnu11;
				GCC_DYNAMIC_NO_PIC = NO;
				GCC_NO_COMMON_BLOCKS = YES;
				GCC_OPTIMIZATION_LEVEL = 0;
				GCC_PREPROCESSOR_DEFINITIONS = (
					"DEBUG=1",
					"$(inherited)",
				);
				GCC_WARN_64_TO_32_BIT_CONVERSION = YES;
				GCC_WARN_ABOUT_RETURN_TYPE = YES_ERROR;
				GCC_WARN_UNDECLARED_SELECTOR = YES;
				GCC_WARN_UNINITIALIZED_AUTOS = YES_AGGRESSIVE;
				GCC_WARN_UNUSED_FUNCTION = YES;
				GCC_WARN_UNUSED_VARIABLE = YES;
				IPHONEOS_DEPLOYMENT_TARGET = 13.0;
				MTL_ENABLE_DEBUG_INFO = INCLUDE_SOURCE;
				MTL_FAST_MATH = YES;
				ONLY_ACTIVE_ARCH = YES;
				SDKROOT = iphoneos;
				SWIFT_ACTIVE_COMPILATION_CONDITIONS = DEBUG;
				SWIFT_OPTIMIZATION_LEVEL = "-Onone";
			};
			name = Debug;
		};
		92AA47FE2775F1CB00E0914F /* Release */ = {
			isa = XCBuildConfiguration;
			buildSettings = {
				ALWAYS_SEARCH_USER_PATHS = NO;
				CLANG_ANALYZER_NONNULL = YES;
				CLANG_ANALYZER_NUMBER_OBJECT_CONVERSION = YES_AGGRESSIVE;
				CLANG_CXX_LANGUAGE_STANDARD = "gnu++17";
				CLANG_CXX_LIBRARY = "libc++";
				CLANG_ENABLE_MODULES = YES;
				CLANG_ENABLE_OBJC_ARC = YES;
				CLANG_ENABLE_OBJC_WEAK = YES;
				CLANG_WARN_BLOCK_CAPTURE_AUTORELEASING = YES;
				CLANG_WARN_BOOL_CONVERSION = YES;
				CLANG_WARN_COMMA = YES;
				CLANG_WARN_CONSTANT_CONVERSION = YES;
				CLANG_WARN_DEPRECATED_OBJC_IMPLEMENTATIONS = YES;
				CLANG_WARN_DIRECT_OBJC_ISA_USAGE = YES_ERROR;
				CLANG_WARN_DOCUMENTATION_COMMENTS = YES;
				CLANG_WARN_EMPTY_BODY = YES;
				CLANG_WARN_ENUM_CONVERSION = YES;
				CLANG_WARN_INFINITE_RECURSION = YES;
				CLANG_WARN_INT_CONVERSION = YES;
				CLANG_WARN_NON_LITERAL_NULL_CONVERSION = YES;
				CLANG_WARN_OBJC_IMPLICIT_RETAIN_SELF = YES;
				CLANG_WARN_OBJC_LITERAL_CONVERSION = YES;
				CLANG_WARN_OBJC_ROOT_CLASS = YES_ERROR;
				CLANG_WARN_QUOTED_INCLUDE_IN_FRAMEWORK_HEADER = YES;
				CLANG_WARN_RANGE_LOOP_ANALYSIS = YES;
				CLANG_WARN_STRICT_PROTOTYPES = YES;
				CLANG_WARN_SUSPICIOUS_MOVE = YES;
				CLANG_WARN_UNGUARDED_AVAILABILITY = YES_AGGRESSIVE;
				CLANG_WARN_UNREACHABLE_CODE = YES;
				CLANG_WARN__DUPLICATE_METHOD_MATCH = YES;
				COPY_PHASE_STRIP = NO;
				DEBUG_INFORMATION_FORMAT = "dwarf-with-dsym";
				ENABLE_NS_ASSERTIONS = NO;
				ENABLE_STRICT_OBJC_MSGSEND = YES;
				GCC_C_LANGUAGE_STANDARD = gnu11;
				GCC_NO_COMMON_BLOCKS = YES;
				GCC_WARN_64_TO_32_BIT_CONVERSION = YES;
				GCC_WARN_ABOUT_RETURN_TYPE = YES_ERROR;
				GCC_WARN_UNDECLARED_SELECTOR = YES;
				GCC_WARN_UNINITIALIZED_AUTOS = YES_AGGRESSIVE;
				GCC_WARN_UNUSED_FUNCTION = YES;
				GCC_WARN_UNUSED_VARIABLE = YES;
				IPHONEOS_DEPLOYMENT_TARGET = 13.0;
				MTL_ENABLE_DEBUG_INFO = NO;
				MTL_FAST_MATH = YES;
				SDKROOT = iphoneos;
				SWIFT_COMPILATION_MODE = wholemodule;
				SWIFT_OPTIMIZATION_LEVEL = "-O";
				VALIDATE_PRODUCT = YES;
			};
			name = Release;
		};
		92AA48002775F1CB00E0914F /* Debug */ = {
			isa = XCBuildConfiguration;
			buildSettings = {
				ASSETCATALOG_COMPILER_APPICON_NAME = AppIcon;
				ASSETCATALOG_COMPILER_GLOBAL_ACCENT_COLOR_NAME = AccentColor;
				CODE_SIGN_STYLE = Automatic;
				CURRENT_PROJECT_VERSION = 1;
				DEVELOPMENT_TEAM = 258576KTZ4;
				GENERATE_INFOPLIST_FILE = YES;
				INFOPLIST_FILE = Wallpaper/Info.plist;
				INFOPLIST_KEY_NSPhotoLibraryAddUsageDescription = "Необходимо разрешить приложению скачивать фотографии на ваше устройство!";
				INFOPLIST_KEY_UIApplicationSupportsIndirectInputEvents = YES;
				INFOPLIST_KEY_UILaunchStoryboardName = LaunchScreen;
				INFOPLIST_KEY_UIMainStoryboardFile = Main;
				INFOPLIST_KEY_UISupportedInterfaceOrientations = "UIInterfaceOrientationLandscapeLeft UIInterfaceOrientationLandscapeRight";
				INFOPLIST_KEY_UISupportedInterfaceOrientations_iPad = "UIInterfaceOrientationPortrait UIInterfaceOrientationPortraitUpsideDown UIInterfaceOrientationLandscapeLeft UIInterfaceOrientationLandscapeRight";
				INFOPLIST_KEY_UISupportedInterfaceOrientations_iPhone = "UIInterfaceOrientationPortrait UIInterfaceOrientationLandscapeLeft UIInterfaceOrientationLandscapeRight";
				IPHONEOS_DEPLOYMENT_TARGET = 13.0;
				LD_RUNPATH_SEARCH_PATHS = (
					"$(inherited)",
					"@executable_path/Frameworks",
				);
				MARKETING_VERSION = 1.0;
				PRODUCT_BUNDLE_IDENTIFIER = com.itis.Wallpaper;
				PRODUCT_NAME = "$(TARGET_NAME)";
				SWIFT_EMIT_LOC_STRINGS = YES;
				SWIFT_VERSION = 4.2;
				TARGETED_DEVICE_FAMILY = "1,2";
			};
			name = Debug;
		};
		92AA48012775F1CB00E0914F /* Release */ = {
			isa = XCBuildConfiguration;
			buildSettings = {
				ASSETCATALOG_COMPILER_APPICON_NAME = AppIcon;
				ASSETCATALOG_COMPILER_GLOBAL_ACCENT_COLOR_NAME = AccentColor;
				CODE_SIGN_STYLE = Automatic;
				CURRENT_PROJECT_VERSION = 1;
				DEVELOPMENT_TEAM = 258576KTZ4;
				GENERATE_INFOPLIST_FILE = YES;
				INFOPLIST_FILE = Wallpaper/Info.plist;
				INFOPLIST_KEY_NSPhotoLibraryAddUsageDescription = "Необходимо разрешить приложению скачивать фотографии на ваше устройство!";
				INFOPLIST_KEY_UIApplicationSupportsIndirectInputEvents = YES;
				INFOPLIST_KEY_UILaunchStoryboardName = LaunchScreen;
				INFOPLIST_KEY_UIMainStoryboardFile = Main;
				INFOPLIST_KEY_UISupportedInterfaceOrientations = "UIInterfaceOrientationLandscapeLeft UIInterfaceOrientationLandscapeRight";
				INFOPLIST_KEY_UISupportedInterfaceOrientations_iPad = "UIInterfaceOrientationPortrait UIInterfaceOrientationPortraitUpsideDown UIInterfaceOrientationLandscapeLeft UIInterfaceOrientationLandscapeRight";
				INFOPLIST_KEY_UISupportedInterfaceOrientations_iPhone = "UIInterfaceOrientationPortrait UIInterfaceOrientationLandscapeLeft UIInterfaceOrientationLandscapeRight";
				IPHONEOS_DEPLOYMENT_TARGET = 13.0;
				LD_RUNPATH_SEARCH_PATHS = (
					"$(inherited)",
					"@executable_path/Frameworks",
				);
				MARKETING_VERSION = 1.0;
				PRODUCT_BUNDLE_IDENTIFIER = com.itis.Wallpaper;
				PRODUCT_NAME = "$(TARGET_NAME)";
				SWIFT_EMIT_LOC_STRINGS = YES;
				SWIFT_VERSION = 4.2;
				TARGETED_DEVICE_FAMILY = "1,2";
			};
			name = Release;
		};
/* End XCBuildConfiguration section */

/* Begin XCConfigurationList section */
		92AA47E32775F1C900E0914F /* Build configuration list for PBXProject "Wallpaper" */ = {
			isa = XCConfigurationList;
			buildConfigurations = (
				92AA47FD2775F1CB00E0914F /* Debug */,
				92AA47FE2775F1CB00E0914F /* Release */,
			);
			defaultConfigurationIsVisible = 0;
			defaultConfigurationName = Release;
		};
		92AA47FF2775F1CB00E0914F /* Build configuration list for PBXNativeTarget "Wallpaper" */ = {
			isa = XCConfigurationList;
			buildConfigurations = (
				92AA48002775F1CB00E0914F /* Debug */,
				92AA48012775F1CB00E0914F /* Release */,
			);
			defaultConfigurationIsVisible = 0;
			defaultConfigurationName = Release;
		};
/* End XCConfigurationList section */

/* Begin XCRemoteSwiftPackageReference section */
		926489D327B829DF000EEB13 /* XCRemoteSwiftPackageReference "purchases-ios" */ = {
			isa = XCRemoteSwiftPackageReference;
			repositoryURL = "https://github.com/RevenueCat/purchases-ios";
			requirement = {
				kind = upToNextMajorVersion;
				minimumVersion = 3.0.0;
			};
		};
		92CDE04427AAB16F00C52199 /* XCRemoteSwiftPackageReference "SDWebImage" */ = {
			isa = XCRemoteSwiftPackageReference;
			repositoryURL = "https://github.com/SDWebImage/SDWebImage";
			requirement = {
				kind = upToNextMajorVersion;
				minimumVersion = 5.0.0;
			};
		};
		92E3B23B277F23C200A8D11F /* XCRemoteSwiftPackageReference "Alamofire" */ = {
			isa = XCRemoteSwiftPackageReference;
			repositoryURL = "https://github.com/Alamofire/Alamofire";
			requirement = {
				branch = master;
				kind = branch;
			};
		};
/* End XCRemoteSwiftPackageReference section */

/* Begin XCSwiftPackageProductDependency section */
		926489D427B829DF000EEB13 /* Purchases */ = {
			isa = XCSwiftPackageProductDependency;
			package = 926489D327B829DF000EEB13 /* XCRemoteSwiftPackageReference "purchases-ios" */;
			productName = Purchases;
		};
		92CDE04527AAB16F00C52199 /* SDWebImage */ = {
			isa = XCSwiftPackageProductDependency;
			package = 92CDE04427AAB16F00C52199 /* XCRemoteSwiftPackageReference "SDWebImage" */;
			productName = SDWebImage;
		};
		92CDE04727AAB16F00C52199 /* SDWebImageMapKit */ = {
			isa = XCSwiftPackageProductDependency;
			package = 92CDE04427AAB16F00C52199 /* XCRemoteSwiftPackageReference "SDWebImage" */;
			productName = SDWebImageMapKit;
		};
		92E3B23C277F23C200A8D11F /* Alamofire */ = {
			isa = XCSwiftPackageProductDependency;
			package = 92E3B23B277F23C200A8D11F /* XCRemoteSwiftPackageReference "Alamofire" */;
			productName = Alamofire;
		};
/* End XCSwiftPackageProductDependency section */

/* Begin XCVersionGroup section */
		92AA47F42775F1C900E0914F /* Wallpaper.xcdatamodeld */ = {
			isa = XCVersionGroup;
			children = (
				92AA47F52775F1C900E0914F /* Wallpaper.xcdatamodel */,
			);
			currentVersion = 92AA47F52775F1C900E0914F /* Wallpaper.xcdatamodel */;
			path = Wallpaper.xcdatamodeld;
			sourceTree = "<group>";
			versionGroupType = wrapper.xcdatamodel;
		};
/* End XCVersionGroup section */
	};
	rootObject = 92AA47E02775F1C900E0914F /* Project object */;
}
